
Microsoft Visual Studio Solution File, Format Version 11.00
# Visual Studio 2010
Project("{FAE04EC0-301F-11D3-BF4B-00C04F79EFBC}") = "CastleDemo", "CastleDemo\CastleDemo.csproj", "{320DCB62-C4BA-4D99-8196-6BA06596E55F}"
EndProject
Global
	GlobalSection(SolutionConfigurationPlatforms) = preSolution
		Debug|Any CPU = Debug|Any CPU
		Release|Any CPU = Release|Any CPU
	EndGlobalSection
	GlobalSection(ProjectConfigurationPlatforms) = postSolution
		{320DCB62-C4BA-4D99-8196-6BA06596E55F}.Debug|Any CPU.ActiveCfg = Debug|Any CPU
		{320DCB62-C4BA-4D99-8196-6BA06596E55F}.Debug|Any CPU.Build.0 = Debug|Any CPU
		{320DCB62-C4BA-4D99-8196-6BA06596E55F}.Release|Any CPU.ActiveCfg = Release|Any CPU
		{320DCB62-C4BA-4D99-8196-6BA06596E55F}.Release|Any CPU.Build.0 = Release|Any CPU
	EndGlobalSection
	GlobalSection(SolutionProperties) = preSolution
		HideSolutionNode = FALSE
	EndGlobalSection
EndGlobal
